
Microsoft Visual Studio Solution File, Format Version 12.00
# Visual Studio Version 17
VisualStudioVersion = 17.10.35013.160
MinimumVisualStudioVersion = 10.0.40219.1
Project("{FAE04EC0-301F-11D3-BF4B-00C04F79EFBC}") = "TapirGrasshopperPlugin", "TapirGrasshopperPlugin\TapirGrasshopperPlugin.csproj", "{DA959381-C8C4-4023-8F68-BCB47532D8B0}"
EndProject
Global
	GlobalSection(SolutionConfigurationPlatforms) = preSolution
		Debug|Any CPU = Debug|Any CPU
		Release|Any CPU = Release|Any CPU
	EndGlobalSection
	GlobalSection(ProjectConfigurationPlatforms) = postSolution
		{DA959381-C8C4-4023-8F68-BCB47532D8B0}.Debug|Any CPU.ActiveCfg = Debug|Any CPU
		{DA959381-C8C4-4023-8F68-BCB47532D8B0}.Debug|Any CPU.Build.0 = Debug|Any CPU
		{DA959381-C8C4-4023-8F68-BCB47532D8B0}.Release|Any CPU.ActiveCfg = Release|Any CPU
		{DA959381-C8C4-4023-8F68-BCB47532D8B0}.Release|Any CPU.Build.0 = Release|Any CPU
	EndGlobalSection
	GlobalSection(SolutionProperties) = preSolution
		HideSolutionNode = FALSE
	EndGlobalSection
	GlobalSection(ExtensibilityGlobals) = postSolution
		SolutionGuid = {B0496CE0-3016-4702-B87B-1FAB23B14988}
	EndGlobalSection
EndGlobal
